# This file is automatically @generated by Cargo.
# It is not intended for manual editing.
version = 3

[[package]]
name = "anyhow"
version = "1.0.61"
source = "registry+https://github.com/rust-lang/crates.io-index"
checksum = "508b352bb5c066aac251f6daf6b36eccd03e8a88e8081cd44959ea277a3af9a8"

[[package]]
name = "async-trait"
version = "0.1.57"
source = "registry+https://github.com/rust-lang/crates.io-index"
checksum = "76464446b8bc32758d7e88ee1a804d9914cd9b1cb264c029899680b0be29826f"
dependencies = [
 "proc-macro2",
 "quote",
 "syn",
]

[[package]]
name = "bitflags"
version = "1.3.2"
source = "registry+https://github.com/rust-lang/crates.io-index"
checksum = "bef38d45163c2f1dde094a7dfd33ccf595c92905c8f8f4fdc18d06fb1037718a"

[[package]]
name = "cfg-if"
version = "1.0.0"
source = "registry+https://github.com/rust-lang/crates.io-index"
checksum = "baf1de4339761588bc0619e3cbc0120ee582ebb74b53b4efbf79117bd2da40fd"

[[package]]
name = "getrandom"
version = "0.2.8"
source = "registry+https://github.com/rust-lang/crates.io-index"
checksum = "c05aeb6a22b8f62540c194aac980f2115af067bfe15a0734d7277a768d396b31"
dependencies = [
 "cfg-if",
 "libc",
 "wasi",
]

[[package]]
name = "heck"
version = "0.3.3"
source = "registry+https://github.com/rust-lang/crates.io-index"
checksum = "6d621efb26863f0e9924c6ac577e8275e5e6b77455db64ffa6c65c904e9e132c"
dependencies = [
 "unicode-segmentation",
]

[[package]]
name = "id-arena"
version = "2.2.1"
source = "registry+https://github.com/rust-lang/crates.io-index"
checksum = "25a2bc672d1148e28034f176e01fffebb08b35768468cc954630da77a1449005"

[[package]]
name = "libc"
version = "0.2.141"
source = "registry+https://github.com/rust-lang/crates.io-index"
checksum = "3304a64d199bb964be99741b7a14d26972741915b3649639149b2479bb46f4b5"

[[package]]
name = "memchr"
version = "2.5.0"
source = "registry+https://github.com/rust-lang/crates.io-index"
checksum = "2dffe52ecf27772e601905b7522cb4ef790d2cc203488bbd0e2fe85fcb74566d"

[[package]]
name = "ppv-lite86"
version = "0.2.17"
source = "registry+https://github.com/rust-lang/crates.io-index"
checksum = "5b40af805b3121feab8a3c29f04d8ad262fa8e0561883e7653e024ae4479e6de"

[[package]]
name = "proc-macro2"
version = "1.0.43"
source = "registry+https://github.com/rust-lang/crates.io-index"
checksum = "0a2ca2c61bc9f3d74d2886294ab7b9853abd9c1ad903a3ac7815c58989bb7bab"
dependencies = [
 "unicode-ident",
]

[[package]]
name = "pulldown-cmark"
version = "0.8.0"
source = "registry+https://github.com/rust-lang/crates.io-index"
checksum = "ffade02495f22453cd593159ea2f59827aae7f53fa8323f756799b670881dcf8"
dependencies = [
 "bitflags",
 "memchr",
 "unicase",
]

[[package]]
name = "quote"
version = "1.0.21"
source = "registry+https://github.com/rust-lang/crates.io-index"
checksum = "bbe448f377a7d6961e30f5955f9b8d106c3f5e449d493ee1b125c1d43c2b5179"
dependencies = [
 "proc-macro2",
]

[[package]]
name = "rand"
version = "0.8.5"
source = "registry+https://github.com/rust-lang/crates.io-index"
checksum = "34af8d1a0e25924bc5b7c43c079c942339d8f0a8b57c39049bef581b46327404"
dependencies = [
 "libc",
 "rand_chacha",
 "rand_core",
]

[[package]]
name = "rand_chacha"
version = "0.3.1"
source = "registry+https://github.com/rust-lang/crates.io-index"
checksum = "e6c10a63a0fa32252be49d21e7709d4d4baf8d231c2dbce1eaa8141b9b127d88"
dependencies = [
 "ppv-lite86",
 "rand_core",
]

[[package]]
name = "rand_core"
version = "0.6.4"
source = "registry+https://github.com/rust-lang/crates.io-index"
checksum = "ec0be4795e2f6a28069bec0b5ff3e2ac9bafc99e6a9a7dc3547996c5c816922c"
dependencies = [
 "getrandom",
]

[[package]]
name = "slight-http-handler-macro"
version = "0.1.0"
dependencies = [
 "anyhow",
 "proc-macro2",
 "quote",
 "syn",
 "wit-bindgen-gen-core",
 "wit-bindgen-gen-rust-wasm",
]

[[package]]
name = "slight-http-server-macro"
version = "0.1.0"
dependencies = [
 "anyhow",
 "proc-macro2",
 "quote",
 "syn",
 "wit-bindgen-gen-core",
 "wit-bindgen-gen-rust-wasm",
]

[[package]]
name = "syn"
version = "1.0.99"
source = "registry+https://github.com/rust-lang/crates.io-index"
checksum = "58dbef6ec655055e20b86b15a8cc6d439cca19b667537ac6a1369572d151ab13"
dependencies = [
 "proc-macro2",
 "quote",
 "unicode-ident",
]

[[package]]
name = "tinyvec"
version = "1.6.0"
source = "registry+https://github.com/rust-lang/crates.io-index"
checksum = "87cc5ceb3875bb20c2890005a4e226a4651264a5c75edb2421b52861a0a0cb50"
dependencies = [
 "tinyvec_macros",
]

[[package]]
name = "tinyvec_macros"
version = "0.1.0"
source = "registry+https://github.com/rust-lang/crates.io-index"
checksum = "cda74da7e1a664f795bb1f8a87ec406fb89a02522cf6e50620d016add6dbbf5c"

[[package]]
name = "unicase"
version = "2.6.0"
source = "registry+https://github.com/rust-lang/crates.io-index"
checksum = "50f37be617794602aabbeee0be4f259dc1778fabe05e2d67ee8f79326d5cb4f6"
dependencies = [
 "version_check",
]

[[package]]
name = "unicode-ident"
version = "1.0.3"
source = "registry+https://github.com/rust-lang/crates.io-index"
checksum = "c4f5b37a154999a8f3f98cc23a628d850e154479cd94decf3414696e12e31aaf"

[[package]]
name = "unicode-normalization"
version = "0.1.21"
source = "registry+https://github.com/rust-lang/crates.io-index"
checksum = "854cbdc4f7bc6ae19c820d44abdc3277ac3e1b2b93db20a636825d9322fb60e6"
dependencies = [
 "tinyvec",
]

[[package]]
name = "unicode-segmentation"
version = "1.9.0"
source = "registry+https://github.com/rust-lang/crates.io-index"
checksum = "7e8820f5d777f6224dc4be3632222971ac30164d4a258d595640799554ebfd99"

[[package]]
name = "unicode-xid"
version = "0.2.3"
source = "registry+https://github.com/rust-lang/crates.io-index"
checksum = "957e51f3646910546462e67d5f7599b9e4fb8acdd304b087a6494730f9eebf04"

[[package]]
name = "version_check"
version = "0.9.4"
source = "registry+https://github.com/rust-lang/crates.io-index"
checksum = "49874b5167b65d7193b8aba1567f5c7d93d001cafc34600cee003eda787e483f"

[[package]]
name = "wasi"
version = "0.11.0+wasi-snapshot-preview1"
source = "registry+https://github.com/rust-lang/crates.io-index"
checksum = "9c8d87e72b64a3b4db28d11ce29237c246188f4f51057d65a7eab63b7987e423"

[[package]]
name = "wildcard-test"
version = "0.1.0"
dependencies = [
 "anyhow",
 "rand",
 "slight-http-handler-macro",
 "slight-http-server-macro",
 "wit-bindgen-rust",
 "wit-error-rs",
]

[[package]]
name = "wit-bindgen-gen-core"
version = "0.2.0"
source = "git+https://github.com/fermyon/wit-bindgen-backport#b97517c7bfcc82f3cd6e730270d40cd4781aa789"
dependencies = [
 "anyhow",
 "wit-parser",
]

[[package]]
name = "wit-bindgen-gen-rust"
version = "0.2.0"
source = "git+https://github.com/fermyon/wit-bindgen-backport#b97517c7bfcc82f3cd6e730270d40cd4781aa789"
dependencies = [
 "heck",
 "wit-bindgen-gen-core",
]

[[package]]
name = "wit-bindgen-gen-rust-wasm"
version = "0.2.0"
source = "git+https://github.com/fermyon/wit-bindgen-backport#b97517c7bfcc82f3cd6e730270d40cd4781aa789"
dependencies = [
 "heck",
 "wit-bindgen-gen-core",
 "wit-bindgen-gen-rust",
]

[[package]]
name = "wit-bindgen-rust"
version = "0.2.0"
source = "git+https://github.com/fermyon/wit-bindgen-backport#b97517c7bfcc82f3cd6e730270d40cd4781aa789"
dependencies = [
 "async-trait",
 "bitflags",
 "wit-bindgen-rust-impl",
]

[[package]]
name = "wit-bindgen-rust-impl"
version = "0.2.0"
source = "git+https://github.com/fermyon/wit-bindgen-backport#b97517c7bfcc82f3cd6e730270d40cd4781aa789"
dependencies = [
 "proc-macro2",
 "syn",
 "wit-bindgen-gen-core",
 "wit-bindgen-gen-rust-wasm",
]

[[package]]
name = "wit-error-rs"
version = "0.1.0"
source = "git+https://github.com/danbugs/wit-error-rs?rev=05362f1a4a3a9dc6a1de39195e06d2d5d6491a5e#05362f1a4a3a9dc6a1de39195e06d2d5d6491a5e"
dependencies = [
 "quote",
 "syn",
]

[[package]]
name = "wit-parser"
version = "0.2.0"
source = "git+https://github.com/fermyon/wit-bindgen-backport#b97517c7bfcc82f3cd6e730270d40cd4781aa789"
dependencies = [
 "anyhow",
 "id-arena",
 "pulldown-cmark",
 "unicode-normalization",
 "unicode-xid",
]
